{"format_version":"1.1","terraform_version":"1.3.4","variables":{"ssh_key_name":{"value":"ec2InsTemp"}},"planned_values":{"root_module":{"resources":[{"address":"aws_cloudwatch_event_rule.start_environment_rule","mode":"managed","type":"aws_cloudwatch_event_rule","name":"start_environment_rule","provider_name":"registry.terraform.io/hashicorp/aws","schema_version":0,"values":{"description":null,"event_bus_name":"default","event_pattern":null,"is_enabled":true,"name":"StartEnvironmentRule","role_arn":null,"schedule_expression":"cron(30 14 ? * 2-6 *)","tags":null},"sensitive_values":{"tags_all":{}}},{"address":"aws_cloudwatch_event_rule.stop_environment_rule","mode":"managed","type":"aws_cloudwatch_event_rule","name":"stop_environment_rule","provider_name":"registry.terraform.io/hashicorp/aws","schema_version":0,"values":{"description":null,"event_bus_name":"default","event_pattern":null,"is_enabled":true,"name":"StopEnvironmentRule","role_arn":null,"schedule_expression":"cron(0 15 ? * 2-6 *)","tags":null},"sensitive_values":{"tags_all":{}}},{"address":"aws_cloudwatch_event_target.start_environment_rule_target","mode":"managed","type":"aws_cloudwatch_event_target","name":"start_environment_rule_target","provider_name":"registry.terraform.io/hashicorp/aws","schema_version":1,"values":{"batch_target":[],"dead_letter_config":[],"ecs_target":[],"event_bus_name":"default","http_target":[],"input":"{ \"stackName\": \"MyStack\", \"keyPairName\": \"ec2InsTemp\" }\r\n","input_path":null,"input_transformer":[],"kinesis_target":[],"redshift_target":[],"retry_policy":[],"role_arn":null,"rule":"StartEnvironmentRule","run_command_targets":[],"sqs_target":[],"target_id":"start_environment_rule_target"},"sensitive_values":{"batch_target":[],"dead_letter_config":[],"ecs_target":[],"http_target":[],"input_transformer":[],"kinesis_target":[],"redshift_target":[],"retry_policy":[],"run_command_targets":[],"sqs_target":[]}},{"address":"aws_cloudwatch_event_target.stop_environment_rule_target","mode":"managed","type":"aws_cloudwatch_event_target","name":"stop_environment_rule_target","provider_name":"registry.terraform.io/hashicorp/aws","schema_version":1,"values":{"batch_target":[],"dead_letter_config":[],"ecs_target":[],"event_bus_name":"default","http_target":[],"input":"{ \"stackName\": \"MyStack\" }\r\n","input_path":null,"input_transformer":[],"kinesis_target":[],"redshift_target":[],"retry_policy":[],"role_arn":null,"rule":"StopEnvironmentRule","run_command_targets":[],"sqs_target":[],"target_id":"stop_environment_rule_target"},"sensitive_values":{"batch_target":[],"dead_letter_config":[],"ecs_target":[],"http_target":[],"input_transformer":[],"kinesis_target":[],"redshift_target":[],"retry_policy":[],"run_command_targets":[],"sqs_target":[]}},{"address":"aws_iam_policy.manage_environment_iam_policy","mode":"managed","type":"aws_iam_policy","name":"manage_environment_iam_policy","provider_name":"registry.terraform.io/hashicorp/aws","schema_version":0,"values":{"description":null,"name":"ManageEnvPolicy","name_prefix":null,"path":"/","policy":"{\r\n    \"Version\": \"2012-10-17\",\r\n    \"Statement\": [\r\n        {\r\n            \"Effect\": \"Allow\",\r\n            \"Action\": [\r\n                \"logs:CreateLogGroup\",\r\n                \"logs:CreateLogStream\",\r\n                \"logs:DeleteLogGroup\",\r\n                \"logs:DeleteLogStream\",\r\n                \"logs:DescribeLogGroups\",\r\n                \"logs:GetLogEvents\",\r\n                \"logs:PutLogEvents\",\r\n                \"logs:PutRetentionPolicy\"\r\n            ],\r\n            \"Resource\": \"arn:aws:logs:*:*:*\"\r\n        },\r\n        {\r\n            \"Effect\": \"Allow\",\r\n            \"Action\": [\r\n                \"iam:AddRoleToInstanceProfile\",\r\n                \"iam:CreateInstanceProfile\",\r\n                \"iam:CreateRole\",\r\n                \"iam:DeleteInstanceProfile\",\r\n                \"iam:DeleteRole\",\r\n                \"iam:DeleteRolePolicy\",\r\n                \"iam:GetRole\",\r\n                \"iam:PassRole\",\r\n                \"iam:PutRolePolicy\",\r\n                \"iam:RemoveRoleFromInstanceProfile\"\r\n            ],\r\n            \"Resource\": \"*\"\r\n        },\r\n        {\r\n            \"Effect\": \"Allow\",\r\n            \"Action\": [\r\n                \"cloudformation:*\",\r\n                \"ec2:*\",\r\n                \"rds:*\",\r\n                \"autoscaling:*\",\r\n                \"elasticloadbalancing:*\",\r\n                \"elasticfilesystem:*\",\r\n                \"elasticloadbalancing:*\",\r\n                \"lambda:*\",\r\n                \"dynamodb:*\",\r\n                \"sqs:*\"\r\n            ],\r\n            \"Resource\": \"*\"\r\n        },\r\n        {\r\n            \"Effect\": \"Deny\",\r\n            \"Action\": \"aws-portal:*Billing\",\r\n            \"Resource\": \"*\"\r\n        },\r\n        {\r\n            \"Effect\": \"Deny\",\r\n            \"Action\": [\r\n                \"cloudtrail:DeleteTrail\",\r\n                \"cloudtrail:StopLogging\",\r\n                \"cloudtrail:UpdateTrail\"\r\n            ],\r\n            \"Resource\": \"*\"\r\n        }\r\n    ]\r\n}\r\n","tags":null},"sensitive_values":{"tags_all":{}}},{"address":"aws_iam_policy_attachment.manage_environment_iam_policy_attachment","mode":"managed","type":"aws_iam_policy_attachment","name":"manage_environment_iam_policy_attachment","provider_name":"registry.terraform.io/hashicorp/aws","schema_version":0,"values":{"groups":null,"name":"ManageEnvPolicyAttachment","roles":["ManageEnvRoleTer"],"users":null},"sensitive_values":{"roles":[false]}},{"address":"aws_iam_role.manage_environment_iam_role","mode":"managed","type":"aws_iam_role","name":"manage_environment_iam_role","provider_name":"registry.terraform.io/hashicorp/aws","schema_version":0,"values":{"assume_role_policy":"{\"Statement\":[{\"Action\":\"sts:AssumeRole\",\"Effect\":\"Allow\",\"Principal\":{\"Service\":\"lambda.amazonaws.com\"},\"Sid\":\"\"}],\"Version\":\"2012-10-17\"}","description":null,"force_detach_policies":false,"max_session_duration":3600,"name":"ManageEnvRoleTer","path":"/","permissions_boundary":null,"tags":null},"sensitive_values":{"inline_policy":[],"managed_policy_arns":[],"tags_all":{}}},{"address":"aws_lambda_function.start_environment_lambda","mode":"managed","type":"aws_lambda_function","name":"start_environment_lambda","provider_name":"registry.terraform.io/hashicorp/aws","schema_version":0,"values":{"code_signing_config_arn":null,"dead_letter_config":[],"description":null,"environment":[],"file_system_config":[],"filename":"lambda-packages/start_environment_lambda_payload.zip","function_name":"StartEnvironment","handler":"index.handler","image_config":[],"image_uri":null,"kms_key_arn":null,"layers":null,"memory_size":128,"package_type":"Zip","publish":false,"reserved_concurrent_executions":-1,"runtime":"nodejs16.x","s3_bucket":null,"s3_key":null,"s3_object_version":null,"source_code_hash":"HvmLudVPOqO/1S/wGXoz4M9QZWrrOIiqwe7ACfX0NSw=","tags":null,"timeout":15,"timeouts":null,"vpc_config":[]},"sensitive_values":{"architectures":[],"dead_letter_config":[],"environment":[],"ephemeral_storage":[],"file_system_config":[],"image_config":[],"tags_all":{},"tracing_config":[],"vpc_config":[]}},{"address":"aws_lambda_function.stop_environment_lambda","mode":"managed","type":"aws_lambda_function","name":"stop_environment_lambda","provider_name":"registry.terraform.io/hashicorp/aws","schema_version":0,"values":{"code_signing_config_arn":null,"dead_letter_config":[],"description":null,"environment":[],"file_system_config":[],"filename":"lambda-packages/stop_environment_lambda_payload.zip","function_name":"StopEnvironment","handler":"index.handler","image_config":[],"image_uri":null,"kms_key_arn":null,"layers":null,"memory_size":128,"package_type":"Zip","publish":false,"reserved_concurrent_executions":-1,"runtime":"nodejs16.x","s3_bucket":null,"s3_key":null,"s3_object_version":null,"source_code_hash":"YA8L+Jg32RmNTqHheE9Yls98FbXQGazz6X0FAsWsbN4=","tags":null,"timeout":15,"timeouts":null,"vpc_config":[]},"sensitive_values":{"architectures":[],"dead_letter_config":[],"environment":[],"ephemeral_storage":[],"file_system_config":[],"image_config":[],"tags_all":{},"tracing_config":[],"vpc_config":[]}},{"address":"aws_lambda_permission.allow_cloudwatch_start_env","mode":"managed","type":"aws_lambda_permission","name":"allow_cloudwatch_start_env","provider_name":"registry.terraform.io/hashicorp/aws","schema_version":0,"values":{"action":"lambda:InvokeFunction","event_source_token":null,"function_name":"StartEnvironment","function_url_auth_type":null,"principal":"events.amazonaws.com","principal_org_id":null,"qualifier":null,"source_account":null,"source_arn":"arn:aws:events:eu-west-1:653194956263:rule/StartEnvironmentRule","statement_id":"AllowExecutionFromCloudWatch"},"sensitive_values":{}},{"address":"aws_lambda_permission.allow_cloudwatch_stop_env","mode":"managed","type":"aws_lambda_permission","name":"allow_cloudwatch_stop_env","provider_name":"registry.terraform.io/hashicorp/aws","schema_version":0,"values":{"action":"lambda:InvokeFunction","event_source_token":null,"function_name":"StopEnvironment","function_url_auth_type":null,"principal":"events.amazonaws.com","principal_org_id":null,"qualifier":null,"source_account":null,"source_arn":"arn:aws:events:eu-west-1:653194956263:rule/StopEnvironmentRule","statement_id":"AllowExecutionFromCloudWatch"},"sensitive_values":{}}]}},"resource_changes":[{"address":"aws_cloudwatch_event_rule.start_environment_rule","mode":"managed","type":"aws_cloudwatch_event_rule","name":"start_environment_rule","provider_name":"registry.terraform.io/hashicorp/aws","change":{"actions":["create"],"before":null,"after":{"description":null,"event_bus_name":"default","event_pattern":null,"is_enabled":true,"name":"StartEnvironmentRule","role_arn":null,"schedule_expression":"cron(30 14 ? * 2-6 *)","tags":null},"after_unknown":{"arn":true,"id":true,"name_prefix":true,"tags_all":true},"before_sensitive":false,"after_sensitive":{"tags_all":{}}}},{"address":"aws_cloudwatch_event_rule.stop_environment_rule","mode":"managed","type":"aws_cloudwatch_event_rule","name":"stop_environment_rule","provider_name":"registry.terraform.io/hashicorp/aws","change":{"actions":["create"],"before":null,"after":{"description":null,"event_bus_name":"default","event_pattern":null,"is_enabled":true,"name":"StopEnvironmentRule","role_arn":null,"schedule_expression":"cron(0 15 ? * 2-6 *)","tags":null},"after_unknown":{"arn":true,"id":true,"name_prefix":true,"tags_all":true},"before_sensitive":false,"after_sensitive":{"tags_all":{}}}},{"address":"aws_cloudwatch_event_target.start_environment_rule_target","mode":"managed","type":"aws_cloudwatch_event_target","name":"start_environment_rule_target","provider_name":"registry.terraform.io/hashicorp/aws","change":{"actions":["create"],"before":null,"after":{"batch_target":[],"dead_letter_config":[],"ecs_target":[],"event_bus_name":"default","http_target":[],"input":"{ \"stackName\": \"MyStack\", \"keyPairName\": \"ec2InsTemp\" }\r\n","input_path":null,"input_transformer":[],"kinesis_target":[],"redshift_target":[],"retry_policy":[],"role_arn":null,"rule":"StartEnvironmentRule","run_command_targets":[],"sqs_target":[],"target_id":"start_environment_rule_target"},"after_unknown":{"arn":true,"batch_target":[],"dead_letter_config":[],"ecs_target":[],"http_target":[],"id":true,"input_transformer":[],"kinesis_target":[],"redshift_target":[],"retry_policy":[],"run_command_targets":[],"sqs_target":[]},"before_sensitive":false,"after_sensitive":{"batch_target":[],"dead_letter_config":[],"ecs_target":[],"http_target":[],"input_transformer":[],"kinesis_target":[],"redshift_target":[],"retry_policy":[],"run_command_targets":[],"sqs_target":[]}}},{"address":"aws_cloudwatch_event_target.stop_environment_rule_target","mode":"managed","type":"aws_cloudwatch_event_target","name":"stop_environment_rule_target","provider_name":"registry.terraform.io/hashicorp/aws","change":{"actions":["create"],"before":null,"after":{"batch_target":[],"dead_letter_config":[],"ecs_target":[],"event_bus_name":"default","http_target":[],"input":"{ \"stackName\": \"MyStack\" }\r\n","input_path":null,"input_transformer":[],"kinesis_target":[],"redshift_target":[],"retry_policy":[],"role_arn":null,"rule":"StopEnvironmentRule","run_command_targets":[],"sqs_target":[],"target_id":"stop_environment_rule_target"},"after_unknown":{"arn":true,"batch_target":[],"dead_letter_config":[],"ecs_target":[],"http_target":[],"id":true,"input_transformer":[],"kinesis_target":[],"redshift_target":[],"retry_policy":[],"run_command_targets":[],"sqs_target":[]},"before_sensitive":false,"after_sensitive":{"batch_target":[],"dead_letter_config":[],"ecs_target":[],"http_target":[],"input_transformer":[],"kinesis_target":[],"redshift_target":[],"retry_policy":[],"run_command_targets":[],"sqs_target":[]}}},{"address":"aws_iam_policy.manage_environment_iam_policy","mode":"managed","type":"aws_iam_policy","name":"manage_environment_iam_policy","provider_name":"registry.terraform.io/hashicorp/aws","change":{"actions":["create"],"before":null,"after":{"description":null,"name":"ManageEnvPolicy","name_prefix":null,"path":"/","policy":"{\r\n    \"Version\": \"2012-10-17\",\r\n    \"Statement\": [\r\n        {\r\n            \"Effect\": \"Allow\",\r\n            \"Action\": [\r\n                \"logs:CreateLogGroup\",\r\n                \"logs:CreateLogStream\",\r\n                \"logs:DeleteLogGroup\",\r\n                \"logs:DeleteLogStream\",\r\n                \"logs:DescribeLogGroups\",\r\n                \"logs:GetLogEvents\",\r\n                \"logs:PutLogEvents\",\r\n                \"logs:PutRetentionPolicy\"\r\n            ],\r\n            \"Resource\": \"arn:aws:logs:*:*:*\"\r\n        },\r\n        {\r\n            \"Effect\": \"Allow\",\r\n            \"Action\": [\r\n                \"iam:AddRoleToInstanceProfile\",\r\n                \"iam:CreateInstanceProfile\",\r\n                \"iam:CreateRole\",\r\n                \"iam:DeleteInstanceProfile\",\r\n                \"iam:DeleteRole\",\r\n                \"iam:DeleteRolePolicy\",\r\n                \"iam:GetRole\",\r\n                \"iam:PassRole\",\r\n                \"iam:PutRolePolicy\",\r\n                \"iam:RemoveRoleFromInstanceProfile\"\r\n            ],\r\n            \"Resource\": \"*\"\r\n        },\r\n        {\r\n            \"Effect\": \"Allow\",\r\n            \"Action\": [\r\n                \"cloudformation:*\",\r\n                \"ec2:*\",\r\n                \"rds:*\",\r\n                \"autoscaling:*\",\r\n                \"elasticloadbalancing:*\",\r\n                \"elasticfilesystem:*\",\r\n                \"elasticloadbalancing:*\",\r\n                \"lambda:*\",\r\n                \"dynamodb:*\",\r\n                \"sqs:*\"\r\n            ],\r\n            \"Resource\": \"*\"\r\n        },\r\n        {\r\n            \"Effect\": \"Deny\",\r\n            \"Action\": \"aws-portal:*Billing\",\r\n            \"Resource\": \"*\"\r\n        },\r\n        {\r\n            \"Effect\": \"Deny\",\r\n            \"Action\": [\r\n                \"cloudtrail:DeleteTrail\",\r\n                \"cloudtrail:StopLogging\",\r\n                \"cloudtrail:UpdateTrail\"\r\n            ],\r\n            \"Resource\": \"*\"\r\n        }\r\n    ]\r\n}\r\n","tags":null},"after_unknown":{"arn":true,"id":true,"policy_id":true,"tags_all":true},"before_sensitive":false,"after_sensitive":{"tags_all":{}}}},{"address":"aws_iam_policy_attachment.manage_environment_iam_policy_attachment","mode":"managed","type":"aws_iam_policy_attachment","name":"manage_environment_iam_policy_attachment","provider_name":"registry.terraform.io/hashicorp/aws","change":{"actions":["create"],"before":null,"after":{"groups":null,"name":"ManageEnvPolicyAttachment","roles":["ManageEnvRoleTer"],"users":null},"after_unknown":{"id":true,"policy_arn":true,"roles":[false]},"before_sensitive":false,"after_sensitive":{"roles":[false]}}},{"address":"aws_iam_role.manage_environment_iam_role","mode":"managed","type":"aws_iam_role","name":"manage_environment_iam_role","provider_name":"registry.terraform.io/hashicorp/aws","change":{"actions":["create"],"before":null,"after":{"assume_role_policy":"{\"Statement\":[{\"Action\":\"sts:AssumeRole\",\"Effect\":\"Allow\",\"Principal\":{\"Service\":\"lambda.amazonaws.com\"},\"Sid\":\"\"}],\"Version\":\"2012-10-17\"}","description":null,"force_detach_policies":false,"max_session_duration":3600,"name":"ManageEnvRoleTer","path":"/","permissions_boundary":null,"tags":null},"after_unknown":{"arn":true,"create_date":true,"id":true,"inline_policy":true,"managed_policy_arns":true,"name_prefix":true,"tags_all":true,"unique_id":true},"before_sensitive":false,"after_sensitive":{"inline_policy":[],"managed_policy_arns":[],"tags_all":{}}}},{"address":"aws_lambda_function.start_environment_lambda","mode":"managed","type":"aws_lambda_function","name":"start_environment_lambda","provider_name":"registry.terraform.io/hashicorp/aws","change":{"actions":["create"],"before":null,"after":{"code_signing_config_arn":null,"dead_letter_config":[],"description":null,"environment":[],"file_system_config":[],"filename":"lambda-packages/start_environment_lambda_payload.zip","function_name":"StartEnvironment","handler":"index.handler","image_config":[],"image_uri":null,"kms_key_arn":null,"layers":null,"memory_size":128,"package_type":"Zip","publish":false,"reserved_concurrent_executions":-1,"runtime":"nodejs16.x","s3_bucket":null,"s3_key":null,"s3_object_version":null,"source_code_hash":"HvmLudVPOqO/1S/wGXoz4M9QZWrrOIiqwe7ACfX0NSw=","tags":null,"timeout":15,"timeouts":null,"vpc_config":[]},"after_unknown":{"architectures":true,"arn":true,"dead_letter_config":[],"environment":[],"ephemeral_storage":true,"file_system_config":[],"id":true,"image_config":[],"invoke_arn":true,"last_modified":true,"qualified_arn":true,"qualified_invoke_arn":true,"role":true,"signing_job_arn":true,"signing_profile_version_arn":true,"source_code_size":true,"tags_all":true,"tracing_config":true,"version":true,"vpc_config":[]},"before_sensitive":false,"after_sensitive":{"architectures":[],"dead_letter_config":[],"environment":[],"ephemeral_storage":[],"file_system_config":[],"image_config":[],"tags_all":{},"tracing_config":[],"vpc_config":[]}}},{"address":"aws_lambda_function.stop_environment_lambda","mode":"managed","type":"aws_lambda_function","name":"stop_environment_lambda","provider_name":"registry.terraform.io/hashicorp/aws","change":{"actions":["create"],"before":null,"after":{"code_signing_config_arn":null,"dead_letter_config":[],"description":null,"environment":[],"file_system_config":[],"filename":"lambda-packages/stop_environment_lambda_payload.zip","function_name":"StopEnvironment","handler":"index.handler","image_config":[],"image_uri":null,"kms_key_arn":null,"layers":null,"memory_size":128,"package_type":"Zip","publish":false,"reserved_concurrent_executions":-1,"runtime":"nodejs16.x","s3_bucket":null,"s3_key":null,"s3_object_version":null,"source_code_hash":"YA8L+Jg32RmNTqHheE9Yls98FbXQGazz6X0FAsWsbN4=","tags":null,"timeout":15,"timeouts":null,"vpc_config":[]},"after_unknown":{"architectures":true,"arn":true,"dead_letter_config":[],"environment":[],"ephemeral_storage":true,"file_system_config":[],"id":true,"image_config":[],"invoke_arn":true,"last_modified":true,"qualified_arn":true,"qualified_invoke_arn":true,"role":true,"signing_job_arn":true,"signing_profile_version_arn":true,"source_code_size":true,"tags_all":true,"tracing_config":true,"version":true,"vpc_config":[]},"before_sensitive":false,"after_sensitive":{"architectures":[],"dead_letter_config":[],"environment":[],"ephemeral_storage":[],"file_system_config":[],"image_config":[],"tags_all":{},"tracing_config":[],"vpc_config":[]}}},{"address":"aws_lambda_permission.allow_cloudwatch_start_env","mode":"managed","type":"aws_lambda_permission","name":"allow_cloudwatch_start_env","provider_name":"registry.terraform.io/hashicorp/aws","change":{"actions":["create"],"before":null,"after":{"action":"lambda:InvokeFunction","event_source_token":null,"function_name":"StartEnvironment","function_url_auth_type":null,"principal":"events.amazonaws.com","principal_org_id":null,"qualifier":null,"source_account":null,"source_arn":"arn:aws:events:eu-west-1:653194956263:rule/StartEnvironmentRule","statement_id":"AllowExecutionFromCloudWatch"},"after_unknown":{"id":true,"statement_id_prefix":true},"before_sensitive":false,"after_sensitive":{}}},{"address":"aws_lambda_permission.allow_cloudwatch_stop_env","mode":"managed","type":"aws_lambda_permission","name":"allow_cloudwatch_stop_env","provider_name":"registry.terraform.io/hashicorp/aws","change":{"actions":["create"],"before":null,"after":{"action":"lambda:InvokeFunction","event_source_token":null,"function_name":"StopEnvironment","function_url_auth_type":null,"principal":"events.amazonaws.com","principal_org_id":null,"qualifier":null,"source_account":null,"source_arn":"arn:aws:events:eu-west-1:653194956263:rule/StopEnvironmentRule","statement_id":"AllowExecutionFromCloudWatch"},"after_unknown":{"id":true,"statement_id_prefix":true},"before_sensitive":false,"after_sensitive":{}}}],"prior_state":{"format_version":"1.0","terraform_version":"1.3.4","values":{"root_module":{"resources":[{"address":"data.archive_file.start_environment_lambda_zip","mode":"data","type":"archive_file","name":"start_environment_lambda_zip","provider_name":"registry.terraform.io/hashicorp/archive","schema_version":0,"values":{"excludes":null,"id":"89896d16cf42e583a445f5ad26f9c2a0c39adecd","output_base64sha256":"HvmLudVPOqO/1S/wGXoz4M9QZWrrOIiqwe7ACfX0NSw=","output_file_mode":null,"output_md5":"3c3ec66e12d4c6da8854f75e5bd3ee88","output_path":"lambda-packages/start_environment_lambda_payload.zip","output_sha":"89896d16cf42e583a445f5ad26f9c2a0c39adecd","output_size":665,"source":[],"source_content":null,"source_content_filename":null,"source_dir":"start_env_lambda","source_file":null,"type":"zip"},"sensitive_values":{"source":[]}},{"address":"data.archive_file.stop_environment_lambda_zip","mode":"data","type":"archive_file","name":"stop_environment_lambda_zip","provider_name":"registry.terraform.io/hashicorp/archive","schema_version":0,"values":{"excludes":null,"id":"107b6933f73dd4bb075183d28d7bface02633ce4","output_base64sha256":"YA8L+Jg32RmNTqHheE9Yls98FbXQGazz6X0FAsWsbN4=","output_file_mode":null,"output_md5":"c35b6e0eeeff6db311dc01f8d8302683","output_path":"lambda-packages/stop_environment_lambda_payload.zip","output_sha":"107b6933f73dd4bb075183d28d7bface02633ce4","output_size":421,"source":[],"source_content":null,"source_content_filename":null,"source_dir":"stop_env_lambda","source_file":null,"type":"zip"},"sensitive_values":{"source":[]}},{"address":"data.aws_caller_identity.current","mode":"data","type":"aws_caller_identity","name":"current","provider_name":"registry.terraform.io/hashicorp/aws","schema_version":0,"values":{"account_id":"653194956263","arn":"arn:aws:iam::653194956263:user/onecli221105","id":"653194956263","user_id":"AIDAZQFLUBXT6BIRL34AY"},"sensitive_values":{}},{"address":"data.aws_region.current","mode":"data","type":"aws_region","name":"current","provider_name":"registry.terraform.io/hashicorp/aws","schema_version":0,"values":{"description":"Europe (Ireland)","endpoint":"ec2.eu-west-1.amazonaws.com","id":"eu-west-1","name":"eu-west-1"},"sensitive_values":{}}]}}},"configuration":{"provider_config":{"archive":{"name":"archive","full_name":"registry.terraform.io/hashicorp/archive"},"aws":{"name":"aws","full_name":"registry.terraform.io/hashicorp/aws","expressions":{"region":{"constant_value":"eu-west-1"}}}},"root_module":{"resources":[{"address":"aws_cloudwatch_event_rule.start_environment_rule","mode":"managed","type":"aws_cloudwatch_event_rule","name":"start_environment_rule","provider_config_key":"aws","expressions":{"name":{"constant_value":"StartEnvironmentRule"},"schedule_expression":{"constant_value":"cron(30 14 ? * 2-6 *)"}},"schema_version":0},{"address":"aws_cloudwatch_event_rule.stop_environment_rule","mode":"managed","type":"aws_cloudwatch_event_rule","name":"stop_environment_rule","provider_config_key":"aws","expressions":{"name":{"constant_value":"StopEnvironmentRule"},"schedule_expression":{"constant_value":"cron(0 15 ? * 2-6 *)"}},"schema_version":0},{"address":"aws_cloudwatch_event_target.start_environment_rule_target","mode":"managed","type":"aws_cloudwatch_event_target","name":"start_environment_rule_target","provider_config_key":"aws","expressions":{"arn":{"references":["aws_lambda_function.start_environment_lambda.arn","aws_lambda_function.start_environment_lambda"]},"input":{"references":["var.ssh_key_name"]},"rule":{"references":["aws_cloudwatch_event_rule.start_environment_rule.name","aws_cloudwatch_event_rule.start_environment_rule"]},"target_id":{"constant_value":"start_environment_rule_target"}},"schema_version":1},{"address":"aws_cloudwatch_event_target.stop_environment_rule_target","mode":"managed","type":"aws_cloudwatch_event_target","name":"stop_environment_rule_target","provider_config_key":"aws","expressions":{"arn":{"references":["aws_lambda_function.stop_environment_lambda.arn","aws_lambda_function.stop_environment_lambda"]},"input":{"constant_value":"{ \"stackName\": \"MyStack\" }\r\n"},"rule":{"references":["aws_cloudwatch_event_rule.stop_environment_rule.name","aws_cloudwatch_event_rule.stop_environment_rule"]},"target_id":{"constant_value":"stop_environment_rule_target"}},"schema_version":1},{"address":"aws_iam_policy.manage_environment_iam_policy","mode":"managed","type":"aws_iam_policy","name":"manage_environment_iam_policy","provider_config_key":"aws","expressions":{"name":{"constant_value":"ManageEnvPolicy"},"policy":{}},"schema_version":0},{"address":"aws_iam_policy_attachment.manage_environment_iam_policy_attachment","mode":"managed","type":"aws_iam_policy_attachment","name":"manage_environment_iam_policy_attachment","provider_config_key":"aws","expressions":{"name":{"constant_value":"ManageEnvPolicyAttachment"},"policy_arn":{"references":["aws_iam_policy.manage_environment_iam_policy.arn","aws_iam_policy.manage_environment_iam_policy"]},"roles":{"references":["aws_iam_role.manage_environment_iam_role.name","aws_iam_role.manage_environment_iam_role"]}},"schema_version":0},{"address":"aws_iam_role.manage_environment_iam_role","mode":"managed","type":"aws_iam_role","name":"manage_environment_iam_role","provider_config_key":"aws","expressions":{"assume_role_policy":{"constant_value":"{\r\n  \"Version\": \"2012-10-17\",\r\n  \"Statement\": [\r\n    {\r\n      \"Action\": \"sts:AssumeRole\",\r\n      \"Principal\": {\r\n        \"Service\": \"lambda.amazonaws.com\"\r\n      },\r\n      \"Effect\": \"Allow\",\r\n      \"Sid\": \"\"\r\n    }\r\n  ]\r\n}\r\n"},"name":{"constant_value":"ManageEnvRoleTer"}},"schema_version":0},{"address":"aws_lambda_function.start_environment_lambda","mode":"managed","type":"aws_lambda_function","name":"start_environment_lambda","provider_config_key":"aws","expressions":{"filename":{"constant_value":"lambda-packages/start_environment_lambda_payload.zip"},"function_name":{"constant_value":"StartEnvironment"},"handler":{"constant_value":"index.handler"},"memory_size":{"constant_value":128},"role":{"references":["aws_iam_role.manage_environment_iam_role.arn","aws_iam_role.manage_environment_iam_role"]},"runtime":{"constant_value":"nodejs16.x"},"source_code_hash":{"references":["data.archive_file.start_environment_lambda_zip.output_base64sha256","data.archive_file.start_environment_lambda_zip"]},"timeout":{"constant_value":15}},"schema_version":0},{"address":"aws_lambda_function.stop_environment_lambda","mode":"managed","type":"aws_lambda_function","name":"stop_environment_lambda","provider_config_key":"aws","expressions":{"filename":{"constant_value":"lambda-packages/stop_environment_lambda_payload.zip"},"function_name":{"constant_value":"StopEnvironment"},"handler":{"constant_value":"index.handler"},"memory_size":{"constant_value":128},"role":{"references":["aws_iam_role.manage_environment_iam_role.arn","aws_iam_role.manage_environment_iam_role"]},"runtime":{"constant_value":"nodejs16.x"},"source_code_hash":{"references":["data.archive_file.stop_environment_lambda_zip.output_base64sha256","data.archive_file.stop_environment_lambda_zip"]},"timeout":{"constant_value":15}},"schema_version":0},{"address":"aws_lambda_permission.allow_cloudwatch_start_env","mode":"managed","type":"aws_lambda_permission","name":"allow_cloudwatch_start_env","provider_config_key":"aws","expressions":{"action":{"constant_value":"lambda:InvokeFunction"},"function_name":{"references":["aws_lambda_function.start_environment_lambda.function_name","aws_lambda_function.start_environment_lambda"]},"principal":{"constant_value":"events.amazonaws.com"},"source_arn":{"references":["data.aws_region.current.name","data.aws_region.current","data.aws_caller_identity.current.account_id","data.aws_caller_identity.current"]},"statement_id":{"constant_value":"AllowExecutionFromCloudWatch"}},"schema_version":0},{"address":"aws_lambda_permission.allow_cloudwatch_stop_env","mode":"managed","type":"aws_lambda_permission","name":"allow_cloudwatch_stop_env","provider_config_key":"aws","expressions":{"action":{"constant_value":"lambda:InvokeFunction"},"function_name":{"references":["aws_lambda_function.stop_environment_lambda.function_name","aws_lambda_function.stop_environment_lambda"]},"principal":{"constant_value":"events.amazonaws.com"},"source_arn":{"references":["data.aws_region.current.name","data.aws_region.current","data.aws_caller_identity.current.account_id","data.aws_caller_identity.current"]},"statement_id":{"constant_value":"AllowExecutionFromCloudWatch"}},"schema_version":0},{"address":"data.archive_file.start_environment_lambda_zip","mode":"data","type":"archive_file","name":"start_environment_lambda_zip","provider_config_key":"archive","expressions":{"output_path":{"constant_value":"lambda-packages/start_environment_lambda_payload.zip"},"source_dir":{"constant_value":"start_env_lambda"},"type":{"constant_value":"zip"}},"schema_version":0},{"address":"data.archive_file.stop_environment_lambda_zip","mode":"data","type":"archive_file","name":"stop_environment_lambda_zip","provider_config_key":"archive","expressions":{"output_path":{"constant_value":"lambda-packages/stop_environment_lambda_payload.zip"},"source_dir":{"constant_value":"stop_env_lambda"},"type":{"constant_value":"zip"}},"schema_version":0},{"address":"data.aws_caller_identity.current","mode":"data","type":"aws_caller_identity","name":"current","provider_config_key":"aws","schema_version":0},{"address":"data.aws_region.current","mode":"data","type":"aws_region","name":"current","provider_config_key":"aws","schema_version":0}],"variables":{"ssh_key_name":{}}}},"relevant_attributes":[{"resource":"aws_iam_role.manage_environment_iam_role","attribute":["name"]},{"resource":"data.archive_file.stop_environment_lambda_zip","attribute":["output_base64sha256"]},{"resource":"data.archive_file.start_environment_lambda_zip","attribute":["output_base64sha256"]},{"resource":"aws_lambda_function.start_environment_lambda","attribute":["arn"]},{"resource":"aws_cloudwatch_event_rule.start_environment_rule","attribute":["name"]},{"resource":"aws_cloudwatch_event_rule.stop_environment_rule","attribute":["name"]},{"resource":"aws_lambda_function.start_environment_lambda","attribute":["function_name"]},{"resource":"aws_iam_policy.manage_environment_iam_policy","attribute":["arn"]},{"resource":"aws_iam_role.manage_environment_iam_role","attribute":["arn"]},{"resource":"aws_lambda_function.stop_environment_lambda","attribute":["arn"]},{"resource":"aws_lambda_function.stop_environment_lambda","attribute":["function_name"]},{"resource":"data.aws_region.current","attribute":["name"]},{"resource":"data.aws_caller_identity.current","attribute":["account_id"]}]}
